
Microsoft Visual Studio Solution File, Format Version 12.00
# Visual Studio Version 17
VisualStudioVersion = 17.11.35327.3
MinimumVisualStudioVersion = 10.0.40219.1
Project("{8BC9CEB8-8B4A-11D0-8D11-00A0C91BC942}") = "xBindToNonControl-WinUI", "xBindToNonControl-WinUI\xBindToNonControl-WinUI.vcxproj", "{3A398DF2-1ACA-4D55-8E79-38ACB25020AB}"
EndProject
Global
	GlobalSection(SolutionConfigurationPlatforms) = preSolution
		Debug|ARM64 = Debug|ARM64
		Debug|x64 = Debug|x64
		Debug|x86 = Debug|x86
		Release|ARM64 = Release|ARM64
		Release|x64 = Release|x64
		Release|x86 = Release|x86
	EndGlobalSection
	GlobalSection(ProjectConfigurationPlatforms) = postSolution
		{3A398DF2-1ACA-4D55-8E79-38ACB25020AB}.Debug|ARM64.ActiveCfg = Debug|ARM64
		{3A398DF2-1ACA-4D55-8E79-38ACB25020AB}.Debug|ARM64.Build.0 = Debug|ARM64
		{3A398DF2-1ACA-4D55-8E79-38ACB25020AB}.Debug|ARM64.Deploy.0 = Debug|ARM64
		{3A398DF2-1ACA-4D55-8E79-38ACB25020AB}.Debug|x64.ActiveCfg = Debug|x64
		{3A398DF2-1ACA-4D55-8E79-38ACB25020AB}.Debug|x64.Build.0 = Debug|x64
		{3A398DF2-1ACA-4D55-8E79-38ACB25020AB}.Debug|x64.Deploy.0 = Debug|x64
		{3A398DF2-1ACA-4D55-8E79-38ACB25020AB}.Debug|x86.ActiveCfg = Debug|Win32
		{3A398DF2-1ACA-4D55-8E79-38ACB25020AB}.Debug|x86.Build.0 = Debug|Win32
		{3A398DF2-1ACA-4D55-8E79-38ACB25020AB}.Debug|x86.Deploy.0 = Debug|Win32
		{3A398DF2-1ACA-4D55-8E79-38ACB25020AB}.Release|ARM64.ActiveCfg = Release|ARM64
		{3A398DF2-1ACA-4D55-8E79-38ACB25020AB}.Release|ARM64.Build.0 = Release|ARM64
		{3A398DF2-1ACA-4D55-8E79-38ACB25020AB}.Release|ARM64.Deploy.0 = Release|ARM64
		{3A398DF2-1ACA-4D55-8E79-38ACB25020AB}.Release|x64.ActiveCfg = Release|x64
		{3A398DF2-1ACA-4D55-8E79-38ACB25020AB}.Release|x64.Build.0 = Release|x64
		{3A398DF2-1ACA-4D55-8E79-38ACB25020AB}.Release|x64.Deploy.0 = Release|x64
		{3A398DF2-1ACA-4D55-8E79-38ACB25020AB}.Release|x86.ActiveCfg = Release|Win32
		{3A398DF2-1ACA-4D55-8E79-38ACB25020AB}.Release|x86.Build.0 = Release|Win32
		{3A398DF2-1ACA-4D55-8E79-38ACB25020AB}.Release|x86.Deploy.0 = Release|Win32
	EndGlobalSection
	GlobalSection(SolutionProperties) = preSolution
		HideSolutionNode = FALSE
	EndGlobalSection
	GlobalSection(ExtensibilityGlobals) = postSolution
		SolutionGuid = {767A2926-D34A-418F-9828-BEB5DE9E56B9}
	EndGlobalSection
EndGlobal
