
Microsoft Visual Studio Solution File, Format Version 12.00
# Visual Studio Version 17
VisualStudioVersion = 17.11.35327.3
MinimumVisualStudioVersion = 10.0.40219.1
Project("{8BC9CEB8-8B4A-11D0-8D11-00A0C91BC942}") = "VisualStateSetter-WinUI", "VisualStateSetter-WinUI\VisualStateSetter-WinUI.vcxproj", "{76194C40-2B98-409D-BCC3-253EF1B700CB}"
EndProject
Global
	GlobalSection(SolutionConfigurationPlatforms) = preSolution
		Debug|ARM64 = Debug|ARM64
		Debug|x64 = Debug|x64
		Debug|x86 = Debug|x86
		Release|ARM64 = Release|ARM64
		Release|x64 = Release|x64
		Release|x86 = Release|x86
	EndGlobalSection
	GlobalSection(ProjectConfigurationPlatforms) = postSolution
		{76194C40-2B98-409D-BCC3-253EF1B700CB}.Debug|ARM64.ActiveCfg = Debug|ARM64
		{76194C40-2B98-409D-BCC3-253EF1B700CB}.Debug|ARM64.Build.0 = Debug|ARM64
		{76194C40-2B98-409D-BCC3-253EF1B700CB}.Debug|ARM64.Deploy.0 = Debug|ARM64
		{76194C40-2B98-409D-BCC3-253EF1B700CB}.Debug|x64.ActiveCfg = Debug|x64
		{76194C40-2B98-409D-BCC3-253EF1B700CB}.Debug|x64.Build.0 = Debug|x64
		{76194C40-2B98-409D-BCC3-253EF1B700CB}.Debug|x64.Deploy.0 = Debug|x64
		{76194C40-2B98-409D-BCC3-253EF1B700CB}.Debug|x86.ActiveCfg = Debug|Win32
		{76194C40-2B98-409D-BCC3-253EF1B700CB}.Debug|x86.Build.0 = Debug|Win32
		{76194C40-2B98-409D-BCC3-253EF1B700CB}.Debug|x86.Deploy.0 = Debug|Win32
		{76194C40-2B98-409D-BCC3-253EF1B700CB}.Release|ARM64.ActiveCfg = Release|ARM64
		{76194C40-2B98-409D-BCC3-253EF1B700CB}.Release|ARM64.Build.0 = Release|ARM64
		{76194C40-2B98-409D-BCC3-253EF1B700CB}.Release|ARM64.Deploy.0 = Release|ARM64
		{76194C40-2B98-409D-BCC3-253EF1B700CB}.Release|x64.ActiveCfg = Release|x64
		{76194C40-2B98-409D-BCC3-253EF1B700CB}.Release|x64.Build.0 = Release|x64
		{76194C40-2B98-409D-BCC3-253EF1B700CB}.Release|x64.Deploy.0 = Release|x64
		{76194C40-2B98-409D-BCC3-253EF1B700CB}.Release|x86.ActiveCfg = Release|Win32
		{76194C40-2B98-409D-BCC3-253EF1B700CB}.Release|x86.Build.0 = Release|Win32
		{76194C40-2B98-409D-BCC3-253EF1B700CB}.Release|x86.Deploy.0 = Release|Win32
	EndGlobalSection
	GlobalSection(SolutionProperties) = preSolution
		HideSolutionNode = FALSE
	EndGlobalSection
	GlobalSection(ExtensibilityGlobals) = postSolution
		SolutionGuid = {A47A4BB4-3D4F-47EC-A7CE-DA6093F40C81}
	EndGlobalSection
EndGlobal
