
Microsoft Visual Studio Solution File, Format Version 12.00
# Visual Studio Version 17
VisualStudioVersion = 17.11.35327.3
MinimumVisualStudioVersion = 10.0.40219.1
Project("{8BC9CEB8-8B4A-11D0-8D11-00A0C91BC942}") = "25-NonClientRegionChangedSilently", "25-NonClientRegionChangedSilently.vcxproj", "{C361363D-D84B-431F-92E0-3D4661F41DB4}"
EndProject
Global
	GlobalSection(SolutionConfigurationPlatforms) = preSolution
		Debug|ARM64 = Debug|ARM64
		Debug|x64 = Debug|x64
		Debug|x86 = Debug|x86
		Release|ARM64 = Release|ARM64
		Release|x64 = Release|x64
		Release|x86 = Release|x86
	EndGlobalSection
	GlobalSection(ProjectConfigurationPlatforms) = postSolution
		{C361363D-D84B-431F-92E0-3D4661F41DB4}.Debug|ARM64.ActiveCfg = Debug|ARM64
		{C361363D-D84B-431F-92E0-3D4661F41DB4}.Debug|ARM64.Build.0 = Debug|ARM64
		{C361363D-D84B-431F-92E0-3D4661F41DB4}.Debug|ARM64.Deploy.0 = Debug|ARM64
		{C361363D-D84B-431F-92E0-3D4661F41DB4}.Debug|x64.ActiveCfg = Debug|x64
		{C361363D-D84B-431F-92E0-3D4661F41DB4}.Debug|x64.Build.0 = Debug|x64
		{C361363D-D84B-431F-92E0-3D4661F41DB4}.Debug|x64.Deploy.0 = Debug|x64
		{C361363D-D84B-431F-92E0-3D4661F41DB4}.Debug|x86.ActiveCfg = Debug|Win32
		{C361363D-D84B-431F-92E0-3D4661F41DB4}.Debug|x86.Build.0 = Debug|Win32
		{C361363D-D84B-431F-92E0-3D4661F41DB4}.Debug|x86.Deploy.0 = Debug|Win32
		{C361363D-D84B-431F-92E0-3D4661F41DB4}.Release|ARM64.ActiveCfg = Release|ARM64
		{C361363D-D84B-431F-92E0-3D4661F41DB4}.Release|ARM64.Build.0 = Release|ARM64
		{C361363D-D84B-431F-92E0-3D4661F41DB4}.Release|ARM64.Deploy.0 = Release|ARM64
		{C361363D-D84B-431F-92E0-3D4661F41DB4}.Release|x64.ActiveCfg = Release|x64
		{C361363D-D84B-431F-92E0-3D4661F41DB4}.Release|x64.Build.0 = Release|x64
		{C361363D-D84B-431F-92E0-3D4661F41DB4}.Release|x64.Deploy.0 = Release|x64
		{C361363D-D84B-431F-92E0-3D4661F41DB4}.Release|x86.ActiveCfg = Release|Win32
		{C361363D-D84B-431F-92E0-3D4661F41DB4}.Release|x86.Build.0 = Release|Win32
		{C361363D-D84B-431F-92E0-3D4661F41DB4}.Release|x86.Deploy.0 = Release|Win32
	EndGlobalSection
	GlobalSection(SolutionProperties) = preSolution
		HideSolutionNode = FALSE
	EndGlobalSection
	GlobalSection(ExtensibilityGlobals) = postSolution
		SolutionGuid = {28C09F3C-A81E-487F-8BDB-3FE98857C8E5}
	EndGlobalSection
EndGlobal
