
Microsoft Visual Studio Solution File, Format Version 12.00
# Visual Studio Version 17
VisualStudioVersion = 17.13.35825.156
MinimumVisualStudioVersion = 10.0.40219.1
Project("{8BC9CEB8-8B4A-11D0-8D11-00A0C91BC942}") = "27-PackagedAppReadIncorrectRegistryValue", "27-PackagedAppReadIncorrectRegistryValue\27-PackagedAppReadIncorrectRegistryValue.vcxproj", "{6642AEE7-C0F8-4E07-8AE8-390A289B6E57}"
EndProject
Project("{8BC9CEB8-8B4A-11D0-8D11-00A0C91BC942}") = "UnpackagedConsoleApplication", "UnpackagedConsoleApplication\UnpackagedConsoleApplication.vcxproj", "{98826A29-F911-4654-BEFC-61163164857B}"
EndProject
Project("{8BC9CEB8-8B4A-11D0-8D11-00A0C91BC942}") = "PackagedConsoleApplication", "PackagedConsoleApplication\PackagedConsoleApplication.vcxproj", "{84C53F5E-786E-483E-9D94-D772019D2346}"
EndProject
Project("{C7167F0D-BC9F-4E6E-AFE1-012C56B48DB5}") = "Packaging", "Packaging\Packaging.wapproj", "{2D13FAF8-22A7-4C96-B872-2F7EBE10B136}"
EndProject
Global
	GlobalSection(SolutionConfigurationPlatforms) = preSolution
		Debug|Any CPU = Debug|Any CPU
		Debug|ARM = Debug|ARM
		Debug|ARM64 = Debug|ARM64
		Debug|x64 = Debug|x64
		Debug|x86 = Debug|x86
		Release|Any CPU = Release|Any CPU
		Release|ARM = Release|ARM
		Release|ARM64 = Release|ARM64
		Release|x64 = Release|x64
		Release|x86 = Release|x86
	EndGlobalSection
	GlobalSection(ProjectConfigurationPlatforms) = postSolution
		{6642AEE7-C0F8-4E07-8AE8-390A289B6E57}.Debug|Any CPU.ActiveCfg = Debug|x64
		{6642AEE7-C0F8-4E07-8AE8-390A289B6E57}.Debug|Any CPU.Build.0 = Debug|x64
		{6642AEE7-C0F8-4E07-8AE8-390A289B6E57}.Debug|Any CPU.Deploy.0 = Debug|x64
		{6642AEE7-C0F8-4E07-8AE8-390A289B6E57}.Debug|ARM.ActiveCfg = Debug|x64
		{6642AEE7-C0F8-4E07-8AE8-390A289B6E57}.Debug|ARM.Build.0 = Debug|x64
		{6642AEE7-C0F8-4E07-8AE8-390A289B6E57}.Debug|ARM.Deploy.0 = Debug|x64
		{6642AEE7-C0F8-4E07-8AE8-390A289B6E57}.Debug|ARM64.ActiveCfg = Debug|ARM64
		{6642AEE7-C0F8-4E07-8AE8-390A289B6E57}.Debug|ARM64.Build.0 = Debug|ARM64
		{6642AEE7-C0F8-4E07-8AE8-390A289B6E57}.Debug|ARM64.Deploy.0 = Debug|ARM64
		{6642AEE7-C0F8-4E07-8AE8-390A289B6E57}.Debug|x64.ActiveCfg = Debug|x64
		{6642AEE7-C0F8-4E07-8AE8-390A289B6E57}.Debug|x64.Build.0 = Debug|x64
		{6642AEE7-C0F8-4E07-8AE8-390A289B6E57}.Debug|x64.Deploy.0 = Debug|x64
		{6642AEE7-C0F8-4E07-8AE8-390A289B6E57}.Debug|x86.ActiveCfg = Debug|Win32
		{6642AEE7-C0F8-4E07-8AE8-390A289B6E57}.Debug|x86.Build.0 = Debug|Win32
		{6642AEE7-C0F8-4E07-8AE8-390A289B6E57}.Debug|x86.Deploy.0 = Debug|Win32
		{6642AEE7-C0F8-4E07-8AE8-390A289B6E57}.Release|Any CPU.ActiveCfg = Release|x64
		{6642AEE7-C0F8-4E07-8AE8-390A289B6E57}.Release|Any CPU.Build.0 = Release|x64
		{6642AEE7-C0F8-4E07-8AE8-390A289B6E57}.Release|Any CPU.Deploy.0 = Release|x64
		{6642AEE7-C0F8-4E07-8AE8-390A289B6E57}.Release|ARM.ActiveCfg = Release|x64
		{6642AEE7-C0F8-4E07-8AE8-390A289B6E57}.Release|ARM.Build.0 = Release|x64
		{6642AEE7-C0F8-4E07-8AE8-390A289B6E57}.Release|ARM.Deploy.0 = Release|x64
		{6642AEE7-C0F8-4E07-8AE8-390A289B6E57}.Release|ARM64.ActiveCfg = Release|ARM64
		{6642AEE7-C0F8-4E07-8AE8-390A289B6E57}.Release|ARM64.Build.0 = Release|ARM64
		{6642AEE7-C0F8-4E07-8AE8-390A289B6E57}.Release|ARM64.Deploy.0 = Release|ARM64
		{6642AEE7-C0F8-4E07-8AE8-390A289B6E57}.Release|x64.ActiveCfg = Release|x64
		{6642AEE7-C0F8-4E07-8AE8-390A289B6E57}.Release|x64.Build.0 = Release|x64
		{6642AEE7-C0F8-4E07-8AE8-390A289B6E57}.Release|x64.Deploy.0 = Release|x64
		{6642AEE7-C0F8-4E07-8AE8-390A289B6E57}.Release|x86.ActiveCfg = Release|Win32
		{6642AEE7-C0F8-4E07-8AE8-390A289B6E57}.Release|x86.Build.0 = Release|Win32
		{6642AEE7-C0F8-4E07-8AE8-390A289B6E57}.Release|x86.Deploy.0 = Release|Win32
		{98826A29-F911-4654-BEFC-61163164857B}.Debug|Any CPU.ActiveCfg = Debug|x64
		{98826A29-F911-4654-BEFC-61163164857B}.Debug|Any CPU.Build.0 = Debug|x64
		{98826A29-F911-4654-BEFC-61163164857B}.Debug|ARM.ActiveCfg = Debug|x64
		{98826A29-F911-4654-BEFC-61163164857B}.Debug|ARM.Build.0 = Debug|x64
		{98826A29-F911-4654-BEFC-61163164857B}.Debug|ARM64.ActiveCfg = Debug|x64
		{98826A29-F911-4654-BEFC-61163164857B}.Debug|ARM64.Build.0 = Debug|x64
		{98826A29-F911-4654-BEFC-61163164857B}.Debug|x64.ActiveCfg = Debug|x64
		{98826A29-F911-4654-BEFC-61163164857B}.Debug|x64.Build.0 = Debug|x64
		{98826A29-F911-4654-BEFC-61163164857B}.Debug|x86.ActiveCfg = Debug|Win32
		{98826A29-F911-4654-BEFC-61163164857B}.Debug|x86.Build.0 = Debug|Win32
		{98826A29-F911-4654-BEFC-61163164857B}.Release|Any CPU.ActiveCfg = Release|x64
		{98826A29-F911-4654-BEFC-61163164857B}.Release|Any CPU.Build.0 = Release|x64
		{98826A29-F911-4654-BEFC-61163164857B}.Release|ARM.ActiveCfg = Release|x64
		{98826A29-F911-4654-BEFC-61163164857B}.Release|ARM.Build.0 = Release|x64
		{98826A29-F911-4654-BEFC-61163164857B}.Release|ARM64.ActiveCfg = Release|x64
		{98826A29-F911-4654-BEFC-61163164857B}.Release|ARM64.Build.0 = Release|x64
		{98826A29-F911-4654-BEFC-61163164857B}.Release|x64.ActiveCfg = Release|x64
		{98826A29-F911-4654-BEFC-61163164857B}.Release|x64.Build.0 = Release|x64
		{98826A29-F911-4654-BEFC-61163164857B}.Release|x86.ActiveCfg = Release|Win32
		{98826A29-F911-4654-BEFC-61163164857B}.Release|x86.Build.0 = Release|Win32
		{84C53F5E-786E-483E-9D94-D772019D2346}.Debug|Any CPU.ActiveCfg = Debug|x64
		{84C53F5E-786E-483E-9D94-D772019D2346}.Debug|Any CPU.Build.0 = Debug|x64
		{84C53F5E-786E-483E-9D94-D772019D2346}.Debug|ARM.ActiveCfg = Debug|x64
		{84C53F5E-786E-483E-9D94-D772019D2346}.Debug|ARM.Build.0 = Debug|x64
		{84C53F5E-786E-483E-9D94-D772019D2346}.Debug|ARM64.ActiveCfg = Debug|x64
		{84C53F5E-786E-483E-9D94-D772019D2346}.Debug|ARM64.Build.0 = Debug|x64
		{84C53F5E-786E-483E-9D94-D772019D2346}.Debug|x64.ActiveCfg = Debug|x64
		{84C53F5E-786E-483E-9D94-D772019D2346}.Debug|x64.Build.0 = Debug|x64
		{84C53F5E-786E-483E-9D94-D772019D2346}.Debug|x86.ActiveCfg = Debug|Win32
		{84C53F5E-786E-483E-9D94-D772019D2346}.Debug|x86.Build.0 = Debug|Win32
		{84C53F5E-786E-483E-9D94-D772019D2346}.Release|Any CPU.ActiveCfg = Release|x64
		{84C53F5E-786E-483E-9D94-D772019D2346}.Release|Any CPU.Build.0 = Release|x64
		{84C53F5E-786E-483E-9D94-D772019D2346}.Release|ARM.ActiveCfg = Release|x64
		{84C53F5E-786E-483E-9D94-D772019D2346}.Release|ARM.Build.0 = Release|x64
		{84C53F5E-786E-483E-9D94-D772019D2346}.Release|ARM64.ActiveCfg = Release|x64
		{84C53F5E-786E-483E-9D94-D772019D2346}.Release|ARM64.Build.0 = Release|x64
		{84C53F5E-786E-483E-9D94-D772019D2346}.Release|x64.ActiveCfg = Release|x64
		{84C53F5E-786E-483E-9D94-D772019D2346}.Release|x64.Build.0 = Release|x64
		{84C53F5E-786E-483E-9D94-D772019D2346}.Release|x86.ActiveCfg = Release|Win32
		{84C53F5E-786E-483E-9D94-D772019D2346}.Release|x86.Build.0 = Release|Win32
		{2D13FAF8-22A7-4C96-B872-2F7EBE10B136}.Debug|Any CPU.ActiveCfg = Debug|Any CPU
		{2D13FAF8-22A7-4C96-B872-2F7EBE10B136}.Debug|Any CPU.Build.0 = Debug|Any CPU
		{2D13FAF8-22A7-4C96-B872-2F7EBE10B136}.Debug|Any CPU.Deploy.0 = Debug|Any CPU
		{2D13FAF8-22A7-4C96-B872-2F7EBE10B136}.Debug|ARM.ActiveCfg = Debug|ARM
		{2D13FAF8-22A7-4C96-B872-2F7EBE10B136}.Debug|ARM.Build.0 = Debug|ARM
		{2D13FAF8-22A7-4C96-B872-2F7EBE10B136}.Debug|ARM.Deploy.0 = Debug|ARM
		{2D13FAF8-22A7-4C96-B872-2F7EBE10B136}.Debug|ARM64.ActiveCfg = Debug|ARM64
		{2D13FAF8-22A7-4C96-B872-2F7EBE10B136}.Debug|ARM64.Build.0 = Debug|ARM64
		{2D13FAF8-22A7-4C96-B872-2F7EBE10B136}.Debug|ARM64.Deploy.0 = Debug|ARM64
		{2D13FAF8-22A7-4C96-B872-2F7EBE10B136}.Debug|x64.ActiveCfg = Debug|x64
		{2D13FAF8-22A7-4C96-B872-2F7EBE10B136}.Debug|x64.Build.0 = Debug|x64
		{2D13FAF8-22A7-4C96-B872-2F7EBE10B136}.Debug|x64.Deploy.0 = Debug|x64
		{2D13FAF8-22A7-4C96-B872-2F7EBE10B136}.Debug|x86.ActiveCfg = Debug|x86
		{2D13FAF8-22A7-4C96-B872-2F7EBE10B136}.Debug|x86.Build.0 = Debug|x86
		{2D13FAF8-22A7-4C96-B872-2F7EBE10B136}.Debug|x86.Deploy.0 = Debug|x86
		{2D13FAF8-22A7-4C96-B872-2F7EBE10B136}.Release|Any CPU.ActiveCfg = Release|Any CPU
		{2D13FAF8-22A7-4C96-B872-2F7EBE10B136}.Release|Any CPU.Build.0 = Release|Any CPU
		{2D13FAF8-22A7-4C96-B872-2F7EBE10B136}.Release|Any CPU.Deploy.0 = Release|Any CPU
		{2D13FAF8-22A7-4C96-B872-2F7EBE10B136}.Release|ARM.ActiveCfg = Release|ARM
		{2D13FAF8-22A7-4C96-B872-2F7EBE10B136}.Release|ARM.Build.0 = Release|ARM
		{2D13FAF8-22A7-4C96-B872-2F7EBE10B136}.Release|ARM.Deploy.0 = Release|ARM
		{2D13FAF8-22A7-4C96-B872-2F7EBE10B136}.Release|ARM64.ActiveCfg = Release|ARM64
		{2D13FAF8-22A7-4C96-B872-2F7EBE10B136}.Release|ARM64.Build.0 = Release|ARM64
		{2D13FAF8-22A7-4C96-B872-2F7EBE10B136}.Release|ARM64.Deploy.0 = Release|ARM64
		{2D13FAF8-22A7-4C96-B872-2F7EBE10B136}.Release|x64.ActiveCfg = Release|x64
		{2D13FAF8-22A7-4C96-B872-2F7EBE10B136}.Release|x64.Build.0 = Release|x64
		{2D13FAF8-22A7-4C96-B872-2F7EBE10B136}.Release|x64.Deploy.0 = Release|x64
		{2D13FAF8-22A7-4C96-B872-2F7EBE10B136}.Release|x86.ActiveCfg = Release|x86
		{2D13FAF8-22A7-4C96-B872-2F7EBE10B136}.Release|x86.Build.0 = Release|x86
		{2D13FAF8-22A7-4C96-B872-2F7EBE10B136}.Release|x86.Deploy.0 = Release|x86
	EndGlobalSection
	GlobalSection(SolutionProperties) = preSolution
		HideSolutionNode = FALSE
	EndGlobalSection
	GlobalSection(ExtensibilityGlobals) = postSolution
		SolutionGuid = {25F9D7B6-9D4C-4604-982F-529DB3525D22}
	EndGlobalSection
EndGlobal
