
Microsoft Visual Studio Solution File, Format Version 12.00
# Visual Studio Version 17
VisualStudioVersion = 17.11.35327.3
MinimumVisualStudioVersion = 10.0.40219.1
Project("{8BC9CEB8-8B4A-11D0-8D11-00A0C91BC942}") = "WinUIMain", "WinUIMain\WinUIMain.vcxproj", "{C94B22DD-75A1-4133-88BF-1932C9CD6822}"
EndProject
Project("{8BC9CEB8-8B4A-11D0-8D11-00A0C91BC942}") = "Automation", "Automation\Automation.vcxproj", "{E27A56C5-5BFA-4F49-B41D-C9B71CEC40C0}"
EndProject
Global
	GlobalSection(SolutionConfigurationPlatforms) = preSolution
		Debug|ARM64 = Debug|ARM64
		Debug|x64 = Debug|x64
		Debug|x86 = Debug|x86
		Release|ARM64 = Release|ARM64
		Release|x64 = Release|x64
		Release|x86 = Release|x86
	EndGlobalSection
	GlobalSection(ProjectConfigurationPlatforms) = postSolution
		{C94B22DD-75A1-4133-88BF-1932C9CD6822}.Debug|ARM64.ActiveCfg = Debug|ARM64
		{C94B22DD-75A1-4133-88BF-1932C9CD6822}.Debug|ARM64.Build.0 = Debug|ARM64
		{C94B22DD-75A1-4133-88BF-1932C9CD6822}.Debug|ARM64.Deploy.0 = Debug|ARM64
		{C94B22DD-75A1-4133-88BF-1932C9CD6822}.Debug|x64.ActiveCfg = Debug|x64
		{C94B22DD-75A1-4133-88BF-1932C9CD6822}.Debug|x64.Build.0 = Debug|x64
		{C94B22DD-75A1-4133-88BF-1932C9CD6822}.Debug|x64.Deploy.0 = Debug|x64
		{C94B22DD-75A1-4133-88BF-1932C9CD6822}.Debug|x86.ActiveCfg = Debug|Win32
		{C94B22DD-75A1-4133-88BF-1932C9CD6822}.Debug|x86.Build.0 = Debug|Win32
		{C94B22DD-75A1-4133-88BF-1932C9CD6822}.Debug|x86.Deploy.0 = Debug|Win32
		{C94B22DD-75A1-4133-88BF-1932C9CD6822}.Release|ARM64.ActiveCfg = Release|ARM64
		{C94B22DD-75A1-4133-88BF-1932C9CD6822}.Release|ARM64.Build.0 = Release|ARM64
		{C94B22DD-75A1-4133-88BF-1932C9CD6822}.Release|ARM64.Deploy.0 = Release|ARM64
		{C94B22DD-75A1-4133-88BF-1932C9CD6822}.Release|x64.ActiveCfg = Release|x64
		{C94B22DD-75A1-4133-88BF-1932C9CD6822}.Release|x64.Build.0 = Release|x64
		{C94B22DD-75A1-4133-88BF-1932C9CD6822}.Release|x64.Deploy.0 = Release|x64
		{C94B22DD-75A1-4133-88BF-1932C9CD6822}.Release|x86.ActiveCfg = Release|Win32
		{C94B22DD-75A1-4133-88BF-1932C9CD6822}.Release|x86.Build.0 = Release|Win32
		{C94B22DD-75A1-4133-88BF-1932C9CD6822}.Release|x86.Deploy.0 = Release|Win32
		{E27A56C5-5BFA-4F49-B41D-C9B71CEC40C0}.Debug|ARM64.ActiveCfg = Debug|x64
		{E27A56C5-5BFA-4F49-B41D-C9B71CEC40C0}.Debug|ARM64.Build.0 = Debug|x64
		{E27A56C5-5BFA-4F49-B41D-C9B71CEC40C0}.Debug|x64.ActiveCfg = Debug|x64
		{E27A56C5-5BFA-4F49-B41D-C9B71CEC40C0}.Debug|x64.Build.0 = Debug|x64
		{E27A56C5-5BFA-4F49-B41D-C9B71CEC40C0}.Debug|x86.ActiveCfg = Debug|Win32
		{E27A56C5-5BFA-4F49-B41D-C9B71CEC40C0}.Debug|x86.Build.0 = Debug|Win32
		{E27A56C5-5BFA-4F49-B41D-C9B71CEC40C0}.Release|ARM64.ActiveCfg = Release|x64
		{E27A56C5-5BFA-4F49-B41D-C9B71CEC40C0}.Release|ARM64.Build.0 = Release|x64
		{E27A56C5-5BFA-4F49-B41D-C9B71CEC40C0}.Release|x64.ActiveCfg = Release|x64
		{E27A56C5-5BFA-4F49-B41D-C9B71CEC40C0}.Release|x64.Build.0 = Release|x64
		{E27A56C5-5BFA-4F49-B41D-C9B71CEC40C0}.Release|x86.ActiveCfg = Release|Win32
		{E27A56C5-5BFA-4F49-B41D-C9B71CEC40C0}.Release|x86.Build.0 = Release|Win32
	EndGlobalSection
	GlobalSection(SolutionProperties) = preSolution
		HideSolutionNode = FALSE
	EndGlobalSection
	GlobalSection(ExtensibilityGlobals) = postSolution
		SolutionGuid = {548E86DF-A046-4691-8905-F80C6DB00C40}
	EndGlobalSection
EndGlobal
