
Microsoft Visual Studio Solution File, Format Version 12.00
# Visual Studio Version 17
VisualStudioVersion = 17.8.34330.188
MinimumVisualStudioVersion = 10.0.40219.1
Project("{FAE04EC0-301F-11D3-BF4B-00C04F79EFBC}") = "3-CollectionViewSource-CSharp", "3-CollectionViewSource-CSharp\3-CollectionViewSource-CSharp.csproj", "{9B766BD3-3C64-423D-8221-323AAFD88BEA}"
EndProject
Project("{8BC9CEB8-8B4A-11D0-8D11-00A0C91BC942}") = "3-CollectionViewSource-Cpp", "3-CollectionViewSource-Cpp\3-CollectionViewSource-Cpp.vcxproj", "{61336835-2AAF-4067-A580-1B15C03859E2}"
EndProject
Project("{8BC9CEB8-8B4A-11D0-8D11-00A0C91BC942}") = "3-CollectionViewSource-CppUWP", "3-CollectionViewSource-CppUWP\3-CollectionViewSource-CppUWP.vcxproj", "{36457A51-01EC-4F66-AE0A-A53B4DEDA0AD}"
EndProject
Global
	GlobalSection(SolutionConfigurationPlatforms) = preSolution
		Debug|ARM = Debug|ARM
		Debug|ARM64 = Debug|ARM64
		Debug|x64 = Debug|x64
		Debug|x86 = Debug|x86
		Release|ARM = Release|ARM
		Release|ARM64 = Release|ARM64
		Release|x64 = Release|x64
		Release|x86 = Release|x86
	EndGlobalSection
	GlobalSection(ProjectConfigurationPlatforms) = postSolution
		{9B766BD3-3C64-423D-8221-323AAFD88BEA}.Debug|ARM.ActiveCfg = Debug|x64
		{9B766BD3-3C64-423D-8221-323AAFD88BEA}.Debug|ARM.Build.0 = Debug|x64
		{9B766BD3-3C64-423D-8221-323AAFD88BEA}.Debug|ARM.Deploy.0 = Debug|x64
		{9B766BD3-3C64-423D-8221-323AAFD88BEA}.Debug|ARM64.ActiveCfg = Debug|ARM64
		{9B766BD3-3C64-423D-8221-323AAFD88BEA}.Debug|ARM64.Build.0 = Debug|ARM64
		{9B766BD3-3C64-423D-8221-323AAFD88BEA}.Debug|ARM64.Deploy.0 = Debug|ARM64
		{9B766BD3-3C64-423D-8221-323AAFD88BEA}.Debug|x64.ActiveCfg = Debug|x64
		{9B766BD3-3C64-423D-8221-323AAFD88BEA}.Debug|x64.Build.0 = Debug|x64
		{9B766BD3-3C64-423D-8221-323AAFD88BEA}.Debug|x64.Deploy.0 = Debug|x64
		{9B766BD3-3C64-423D-8221-323AAFD88BEA}.Debug|x86.ActiveCfg = Debug|x86
		{9B766BD3-3C64-423D-8221-323AAFD88BEA}.Debug|x86.Build.0 = Debug|x86
		{9B766BD3-3C64-423D-8221-323AAFD88BEA}.Debug|x86.Deploy.0 = Debug|x86
		{9B766BD3-3C64-423D-8221-323AAFD88BEA}.Release|ARM.ActiveCfg = Release|x64
		{9B766BD3-3C64-423D-8221-323AAFD88BEA}.Release|ARM.Build.0 = Release|x64
		{9B766BD3-3C64-423D-8221-323AAFD88BEA}.Release|ARM.Deploy.0 = Release|x64
		{9B766BD3-3C64-423D-8221-323AAFD88BEA}.Release|ARM64.ActiveCfg = Release|ARM64
		{9B766BD3-3C64-423D-8221-323AAFD88BEA}.Release|ARM64.Build.0 = Release|ARM64
		{9B766BD3-3C64-423D-8221-323AAFD88BEA}.Release|ARM64.Deploy.0 = Release|ARM64
		{9B766BD3-3C64-423D-8221-323AAFD88BEA}.Release|x64.ActiveCfg = Release|x64
		{9B766BD3-3C64-423D-8221-323AAFD88BEA}.Release|x64.Build.0 = Release|x64
		{9B766BD3-3C64-423D-8221-323AAFD88BEA}.Release|x64.Deploy.0 = Release|x64
		{9B766BD3-3C64-423D-8221-323AAFD88BEA}.Release|x86.ActiveCfg = Release|x86
		{9B766BD3-3C64-423D-8221-323AAFD88BEA}.Release|x86.Build.0 = Release|x86
		{9B766BD3-3C64-423D-8221-323AAFD88BEA}.Release|x86.Deploy.0 = Release|x86
		{61336835-2AAF-4067-A580-1B15C03859E2}.Debug|ARM.ActiveCfg = Debug|x64
		{61336835-2AAF-4067-A580-1B15C03859E2}.Debug|ARM.Build.0 = Debug|x64
		{61336835-2AAF-4067-A580-1B15C03859E2}.Debug|ARM.Deploy.0 = Debug|x64
		{61336835-2AAF-4067-A580-1B15C03859E2}.Debug|ARM64.ActiveCfg = Debug|ARM64
		{61336835-2AAF-4067-A580-1B15C03859E2}.Debug|ARM64.Build.0 = Debug|ARM64
		{61336835-2AAF-4067-A580-1B15C03859E2}.Debug|ARM64.Deploy.0 = Debug|ARM64
		{61336835-2AAF-4067-A580-1B15C03859E2}.Debug|x64.ActiveCfg = Debug|x64
		{61336835-2AAF-4067-A580-1B15C03859E2}.Debug|x64.Build.0 = Debug|x64
		{61336835-2AAF-4067-A580-1B15C03859E2}.Debug|x64.Deploy.0 = Debug|x64
		{61336835-2AAF-4067-A580-1B15C03859E2}.Debug|x86.ActiveCfg = Debug|Win32
		{61336835-2AAF-4067-A580-1B15C03859E2}.Debug|x86.Build.0 = Debug|Win32
		{61336835-2AAF-4067-A580-1B15C03859E2}.Debug|x86.Deploy.0 = Debug|Win32
		{61336835-2AAF-4067-A580-1B15C03859E2}.Release|ARM.ActiveCfg = Release|x64
		{61336835-2AAF-4067-A580-1B15C03859E2}.Release|ARM.Build.0 = Release|x64
		{61336835-2AAF-4067-A580-1B15C03859E2}.Release|ARM.Deploy.0 = Release|x64
		{61336835-2AAF-4067-A580-1B15C03859E2}.Release|ARM64.ActiveCfg = Release|ARM64
		{61336835-2AAF-4067-A580-1B15C03859E2}.Release|ARM64.Build.0 = Release|ARM64
		{61336835-2AAF-4067-A580-1B15C03859E2}.Release|ARM64.Deploy.0 = Release|ARM64
		{61336835-2AAF-4067-A580-1B15C03859E2}.Release|x64.ActiveCfg = Release|x64
		{61336835-2AAF-4067-A580-1B15C03859E2}.Release|x64.Build.0 = Release|x64
		{61336835-2AAF-4067-A580-1B15C03859E2}.Release|x64.Deploy.0 = Release|x64
		{61336835-2AAF-4067-A580-1B15C03859E2}.Release|x86.ActiveCfg = Release|Win32
		{61336835-2AAF-4067-A580-1B15C03859E2}.Release|x86.Build.0 = Release|Win32
		{61336835-2AAF-4067-A580-1B15C03859E2}.Release|x86.Deploy.0 = Release|Win32
		{36457A51-01EC-4F66-AE0A-A53B4DEDA0AD}.Debug|ARM.ActiveCfg = Debug|ARM
		{36457A51-01EC-4F66-AE0A-A53B4DEDA0AD}.Debug|ARM.Build.0 = Debug|ARM
		{36457A51-01EC-4F66-AE0A-A53B4DEDA0AD}.Debug|ARM.Deploy.0 = Debug|ARM
		{36457A51-01EC-4F66-AE0A-A53B4DEDA0AD}.Debug|ARM64.ActiveCfg = Debug|ARM64
		{36457A51-01EC-4F66-AE0A-A53B4DEDA0AD}.Debug|ARM64.Build.0 = Debug|ARM64
		{36457A51-01EC-4F66-AE0A-A53B4DEDA0AD}.Debug|ARM64.Deploy.0 = Debug|ARM64
		{36457A51-01EC-4F66-AE0A-A53B4DEDA0AD}.Debug|x64.ActiveCfg = Debug|x64
		{36457A51-01EC-4F66-AE0A-A53B4DEDA0AD}.Debug|x64.Build.0 = Debug|x64
		{36457A51-01EC-4F66-AE0A-A53B4DEDA0AD}.Debug|x64.Deploy.0 = Debug|x64
		{36457A51-01EC-4F66-AE0A-A53B4DEDA0AD}.Debug|x86.ActiveCfg = Debug|Win32
		{36457A51-01EC-4F66-AE0A-A53B4DEDA0AD}.Debug|x86.Build.0 = Debug|Win32
		{36457A51-01EC-4F66-AE0A-A53B4DEDA0AD}.Debug|x86.Deploy.0 = Debug|Win32
		{36457A51-01EC-4F66-AE0A-A53B4DEDA0AD}.Release|ARM.ActiveCfg = Release|ARM
		{36457A51-01EC-4F66-AE0A-A53B4DEDA0AD}.Release|ARM.Build.0 = Release|ARM
		{36457A51-01EC-4F66-AE0A-A53B4DEDA0AD}.Release|ARM.Deploy.0 = Release|ARM
		{36457A51-01EC-4F66-AE0A-A53B4DEDA0AD}.Release|ARM64.ActiveCfg = Release|ARM64
		{36457A51-01EC-4F66-AE0A-A53B4DEDA0AD}.Release|ARM64.Build.0 = Release|ARM64
		{36457A51-01EC-4F66-AE0A-A53B4DEDA0AD}.Release|ARM64.Deploy.0 = Release|ARM64
		{36457A51-01EC-4F66-AE0A-A53B4DEDA0AD}.Release|x64.ActiveCfg = Release|x64
		{36457A51-01EC-4F66-AE0A-A53B4DEDA0AD}.Release|x64.Build.0 = Release|x64
		{36457A51-01EC-4F66-AE0A-A53B4DEDA0AD}.Release|x64.Deploy.0 = Release|x64
		{36457A51-01EC-4F66-AE0A-A53B4DEDA0AD}.Release|x86.ActiveCfg = Release|Win32
		{36457A51-01EC-4F66-AE0A-A53B4DEDA0AD}.Release|x86.Build.0 = Release|Win32
		{36457A51-01EC-4F66-AE0A-A53B4DEDA0AD}.Release|x86.Deploy.0 = Release|Win32
	EndGlobalSection
	GlobalSection(SolutionProperties) = preSolution
		HideSolutionNode = FALSE
	EndGlobalSection
	GlobalSection(ExtensibilityGlobals) = postSolution
		SolutionGuid = {172996C3-A535-46E8-A3F2-9A3A623CE9A3}
	EndGlobalSection
EndGlobal
