
Microsoft Visual Studio Solution File, Format Version 12.00
# Visual Studio Version 17
VisualStudioVersion = 17.10.35027.167
MinimumVisualStudioVersion = 10.0.40219.1
Project("{8BC9CEB8-8B4A-11D0-8D11-00A0C91BC942}") = "GetTemplateChildNotTriggeringReload", "GetTemplateChildNotTriggeringReload\GetTemplateChildNotTriggeringReload.vcxproj", "{7357D2C9-D1D0-4DFF-A54C-5A396A3A4840}"
EndProject
Global
	GlobalSection(SolutionConfigurationPlatforms) = preSolution
		Debug|ARM64 = Debug|ARM64
		Debug|x64 = Debug|x64
		Debug|x86 = Debug|x86
		Release|ARM64 = Release|ARM64
		Release|x64 = Release|x64
		Release|x86 = Release|x86
	EndGlobalSection
	GlobalSection(ProjectConfigurationPlatforms) = postSolution
		{7357D2C9-D1D0-4DFF-A54C-5A396A3A4840}.Debug|ARM64.ActiveCfg = Debug|ARM64
		{7357D2C9-D1D0-4DFF-A54C-5A396A3A4840}.Debug|ARM64.Build.0 = Debug|ARM64
		{7357D2C9-D1D0-4DFF-A54C-5A396A3A4840}.Debug|ARM64.Deploy.0 = Debug|ARM64
		{7357D2C9-D1D0-4DFF-A54C-5A396A3A4840}.Debug|x64.ActiveCfg = Debug|x64
		{7357D2C9-D1D0-4DFF-A54C-5A396A3A4840}.Debug|x64.Build.0 = Debug|x64
		{7357D2C9-D1D0-4DFF-A54C-5A396A3A4840}.Debug|x64.Deploy.0 = Debug|x64
		{7357D2C9-D1D0-4DFF-A54C-5A396A3A4840}.Debug|x86.ActiveCfg = Debug|Win32
		{7357D2C9-D1D0-4DFF-A54C-5A396A3A4840}.Debug|x86.Build.0 = Debug|Win32
		{7357D2C9-D1D0-4DFF-A54C-5A396A3A4840}.Debug|x86.Deploy.0 = Debug|Win32
		{7357D2C9-D1D0-4DFF-A54C-5A396A3A4840}.Release|ARM64.ActiveCfg = Release|ARM64
		{7357D2C9-D1D0-4DFF-A54C-5A396A3A4840}.Release|ARM64.Build.0 = Release|ARM64
		{7357D2C9-D1D0-4DFF-A54C-5A396A3A4840}.Release|ARM64.Deploy.0 = Release|ARM64
		{7357D2C9-D1D0-4DFF-A54C-5A396A3A4840}.Release|x64.ActiveCfg = Release|x64
		{7357D2C9-D1D0-4DFF-A54C-5A396A3A4840}.Release|x64.Build.0 = Release|x64
		{7357D2C9-D1D0-4DFF-A54C-5A396A3A4840}.Release|x64.Deploy.0 = Release|x64
		{7357D2C9-D1D0-4DFF-A54C-5A396A3A4840}.Release|x86.ActiveCfg = Release|Win32
		{7357D2C9-D1D0-4DFF-A54C-5A396A3A4840}.Release|x86.Build.0 = Release|Win32
		{7357D2C9-D1D0-4DFF-A54C-5A396A3A4840}.Release|x86.Deploy.0 = Release|Win32
	EndGlobalSection
	GlobalSection(SolutionProperties) = preSolution
		HideSolutionNode = FALSE
	EndGlobalSection
	GlobalSection(ExtensibilityGlobals) = postSolution
		SolutionGuid = {44D89C65-8DE9-4CB7-8E25-6A8C6229D04B}
	EndGlobalSection
EndGlobal
