
Microsoft Visual Studio Solution File, Format Version 12.00
# Visual Studio Version 17
VisualStudioVersion = 17.11.35312.102
MinimumVisualStudioVersion = 10.0.40219.1
Project("{8BC9CEB8-8B4A-11D0-8D11-00A0C91BC942}") = "TestApp", "TestApp\TestApp.vcxproj", "{E36259F2-952F-4408-A548-3944AA18DFD9}"
EndProject
Global
	GlobalSection(SolutionConfigurationPlatforms) = preSolution
		Debug|ARM64 = Debug|ARM64
		Debug|x64 = Debug|x64
		Debug|x86 = Debug|x86
		Release|ARM64 = Release|ARM64
		Release|x64 = Release|x64
		Release|x86 = Release|x86
	EndGlobalSection
	GlobalSection(ProjectConfigurationPlatforms) = postSolution
		{E36259F2-952F-4408-A548-3944AA18DFD9}.Debug|ARM64.ActiveCfg = Debug|ARM64
		{E36259F2-952F-4408-A548-3944AA18DFD9}.Debug|ARM64.Build.0 = Debug|ARM64
		{E36259F2-952F-4408-A548-3944AA18DFD9}.Debug|ARM64.Deploy.0 = Debug|ARM64
		{E36259F2-952F-4408-A548-3944AA18DFD9}.Debug|x64.ActiveCfg = Debug|x64
		{E36259F2-952F-4408-A548-3944AA18DFD9}.Debug|x64.Build.0 = Debug|x64
		{E36259F2-952F-4408-A548-3944AA18DFD9}.Debug|x64.Deploy.0 = Debug|x64
		{E36259F2-952F-4408-A548-3944AA18DFD9}.Debug|x86.ActiveCfg = Debug|Win32
		{E36259F2-952F-4408-A548-3944AA18DFD9}.Debug|x86.Build.0 = Debug|Win32
		{E36259F2-952F-4408-A548-3944AA18DFD9}.Debug|x86.Deploy.0 = Debug|Win32
		{E36259F2-952F-4408-A548-3944AA18DFD9}.Release|ARM64.ActiveCfg = Release|ARM64
		{E36259F2-952F-4408-A548-3944AA18DFD9}.Release|ARM64.Build.0 = Release|ARM64
		{E36259F2-952F-4408-A548-3944AA18DFD9}.Release|ARM64.Deploy.0 = Release|ARM64
		{E36259F2-952F-4408-A548-3944AA18DFD9}.Release|x64.ActiveCfg = Release|x64
		{E36259F2-952F-4408-A548-3944AA18DFD9}.Release|x64.Build.0 = Release|x64
		{E36259F2-952F-4408-A548-3944AA18DFD9}.Release|x64.Deploy.0 = Release|x64
		{E36259F2-952F-4408-A548-3944AA18DFD9}.Release|x86.ActiveCfg = Release|Win32
		{E36259F2-952F-4408-A548-3944AA18DFD9}.Release|x86.Build.0 = Release|Win32
		{E36259F2-952F-4408-A548-3944AA18DFD9}.Release|x86.Deploy.0 = Release|Win32
	EndGlobalSection
	GlobalSection(SolutionProperties) = preSolution
		HideSolutionNode = FALSE
	EndGlobalSection
	GlobalSection(ExtensibilityGlobals) = postSolution
		SolutionGuid = {924F1058-52A6-4CBB-A566-1EFA72D631DB}
	EndGlobalSection
EndGlobal
